// !$*UTF8*$!
{
	archiveVersion = 1;
	classes = {
	};
	objectVersion = 56;
	objects = {

/* Begin PBXBuildFile section */
		94027F3C2BA60AF800C4F3EF /* ToDoListApp.swift in Sources */ = {isa = PBXBuildFile; fileRef = 94027F3B2BA60AF800C4F3EF /* ToDoListApp.swift */; };
		94027F3E2BA60AF800C4F3EF /* MainView.swift in Sources */ = {isa = PBXBuildFile; fileRef = 94027F3D2BA60AF800C4F3EF /* MainView.swift */; };
		94027F402BA60AF800C4F3EF /* Assets.xcassets in Resources */ = {isa = PBXBuildFile; fileRef = 94027F3F2BA60AF800C4F3EF /* Assets.xcassets */; };
		94027F442BA60AF900C4F3EF /* Preview Assets.xcassets in Resources */ = {isa = PBXBuildFile; fileRef = 94027F432BA60AF900C4F3EF /* Preview Assets.xcassets */; };
		94027F4E2BA60AF900C4F3EF /* ToDoListTests.swift in Sources */ = {isa = PBXBuildFile; fileRef = 94027F4D2BA60AF900C4F3EF /* ToDoListTests.swift */; };
		94027F582BA60AF900C4F3EF /* ToDoListUITests.swift in Sources */ = {isa = PBXBuildFile; fileRef = 94027F572BA60AF900C4F3EF /* ToDoListUITests.swift */; };
		94027F5A2BA60AF900C4F3EF /* ToDoListUITestsLaunchTests.swift in Sources */ = {isa = PBXBuildFile; fileRef = 94027F592BA60AF900C4F3EF /* ToDoListUITestsLaunchTests.swift */; };
		94027F672BA60F0300C4F3EF /* GoogleService-Info.plist in Resources */ = {isa = PBXBuildFile; fileRef = 94027F662BA60F0300C4F3EF /* GoogleService-Info.plist */; };
		94027F6B2BAE04C700C4F3EF /* FirebaseFirestore in Frameworks */ = {isa = PBXBuildFile; productRef = 94027F6A2BAE04C700C4F3EF /* FirebaseFirestore */; };
		94027F6D2BAE04D900C4F3EF /* FirebaseFirestoreSwift in Frameworks */ = {isa = PBXBuildFile; productRef = 94027F6C2BAE04D900C4F3EF /* FirebaseFirestoreSwift */; };
		94027F6F2BAE04DE00C4F3EF /* FirebaseAuth in Frameworks */ = {isa = PBXBuildFile; productRef = 94027F6E2BAE04DE00C4F3EF /* FirebaseAuth */; };
		94027F752BAE180F00C4F3EF /* ProfileView.swift in Sources */ = {isa = PBXBuildFile; fileRef = 94027F742BAE180F00C4F3EF /* ProfileView.swift */; };
		94027F772BAE182900C4F3EF /* ToDoListView.swift in Sources */ = {isa = PBXBuildFile; fileRef = 94027F762BAE182900C4F3EF /* ToDoListView.swift */; };
		94027F792BAE183E00C4F3EF /* NewItemView.swift in Sources */ = {isa = PBXBuildFile; fileRef = 94027F782BAE183E00C4F3EF /* NewItemView.swift */; };
		94027F7B2BAE186700C4F3EF /* LoginView.swift in Sources */ = {isa = PBXBuildFile; fileRef = 94027F7A2BAE186700C4F3EF /* LoginView.swift */; };
		94027F7D2BAE187C00C4F3EF /* RegisterView.swift in Sources */ = {isa = PBXBuildFile; fileRef = 94027F7C2BAE187C00C4F3EF /* RegisterView.swift */; };
		94027F7F2BAE18E500C4F3EF /* ToDoListItemView.swift in Sources */ = {isa = PBXBuildFile; fileRef = 94027F7E2BAE18E500C4F3EF /* ToDoListItemView.swift */; };
		94027F812BAE196B00C4F3EF /* User.swift in Sources */ = {isa = PBXBuildFile; fileRef = 94027F802BAE196B00C4F3EF /* User.swift */; };
		94027F832BAE197900C4F3EF /* ToDoListItem.swift in Sources */ = {isa = PBXBuildFile; fileRef = 94027F822BAE197900C4F3EF /* ToDoListItem.swift */; };
		94027F852BAE1AA500C4F3EF /* MainViewModel.swift in Sources */ = {isa = PBXBuildFile; fileRef = 94027F842BAE1AA500C4F3EF /* MainViewModel.swift */; };
		94027F872BAE1ABE00C4F3EF /* ProfileViewModel.swift in Sources */ = {isa = PBXBuildFile; fileRef = 94027F862BAE1ABE00C4F3EF /* ProfileViewModel.swift */; };
		94027F892BAE1ACF00C4F3EF /* ToDoListViewModel.swift in Sources */ = {isa = PBXBuildFile; fileRef = 94027F882BAE1ACF00C4F3EF /* ToDoListViewModel.swift */; };
		94027F8B2BAE1AE700C4F3EF /* NewItemViewModel.swift in Sources */ = {isa = PBXBuildFile; fileRef = 94027F8A2BAE1AE700C4F3EF /* NewItemViewModel.swift */; };
		94027F8D2BAE1AF300C4F3EF /* LoginViewModel.swift in Sources */ = {isa = PBXBuildFile; fileRef = 94027F8C2BAE1AF300C4F3EF /* LoginViewModel.swift */; };
		94027F8F2BAE1B0600C4F3EF /* RegisterViewModel.swift in Sources */ = {isa = PBXBuildFile; fileRef = 94027F8E2BAE1B0600C4F3EF /* RegisterViewModel.swift */; };
		94027F912BAE1B1900C4F3EF /* ToDoListItemViewModel.swift in Sources */ = {isa = PBXBuildFile; fileRef = 94027F902BAE1B1900C4F3EF /* ToDoListItemViewModel.swift */; };
		94027F932BAE27F800C4F3EF /* HeaderView.swift in Sources */ = {isa = PBXBuildFile; fileRef = 94027F922BAE27F800C4F3EF /* HeaderView.swift */; };
		94027F952BAF756000C4F3EF /* LoginBodyView.swift in Sources */ = {isa = PBXBuildFile; fileRef = 94027F942BAF756000C4F3EF /* LoginBodyView.swift */; };
		94027F972BAF762200C4F3EF /* NewHereView.swift in Sources */ = {isa = PBXBuildFile; fileRef = 94027F962BAF762200C4F3EF /* NewHereView.swift */; };
/* End PBXBuildFile section */

/* Begin PBXContainerItemProxy section */
		94027F4A2BA60AF900C4F3EF /* PBXContainerItemProxy */ = {
			isa = PBXContainerItemProxy;
			containerPortal = 94027F302BA60AF800C4F3EF /* Project object */;
			proxyType = 1;
			remoteGlobalIDString = 94027F372BA60AF800C4F3EF;
			remoteInfo = ToDoList;
		};
		94027F542BA60AF900C4F3EF /* PBXContainerItemProxy */ = {
			isa = PBXContainerItemProxy;
			containerPortal = 94027F302BA60AF800C4F3EF /* Project object */;
			proxyType = 1;
			remoteGlobalIDString = 94027F372BA60AF800C4F3EF;
			remoteInfo = ToDoList;
		};
/* End PBXContainerItemProxy section */

/* Begin PBXFileReference section */
		94027F382BA60AF800C4F3EF /* ToDoList.app */ = {isa = PBXFileReference; explicitFileType = wrapper.application; includeInIndex = 0; path = ToDoList.app; sourceTree = BUILT_PRODUCTS_DIR; };
		94027F3B2BA60AF800C4F3EF /* ToDoListApp.swift */ = {isa = PBXFileReference; lastKnownFileType = sourcecode.swift; path = ToDoListApp.swift; sourceTree = "<group>"; };
		94027F3D2BA60AF800C4F3EF /* MainView.swift */ = {isa = PBXFileReference; lastKnownFileType = sourcecode.swift; path = MainView.swift; sourceTree = "<group>"; };
		94027F3F2BA60AF800C4F3EF /* Assets.xcassets */ = {isa = PBXFileReference; lastKnownFileType = folder.assetcatalog; path = Assets.xcassets; sourceTree = "<group>"; };
		94027F412BA60AF900C4F3EF /* ToDoList.entitlements */ = {isa = PBXFileReference; lastKnownFileType = text.plist.entitlements; path = ToDoList.entitlements; sourceTree = "<group>"; };
		94027F432BA60AF900C4F3EF /* Preview Assets.xcassets */ = {isa = PBXFileReference; lastKnownFileType = folder.assetcatalog; path = "Preview Assets.xcassets"; sourceTree = "<group>"; };
		94027F492BA60AF900C4F3EF /* ToDoListTests.xctest */ = {isa = PBXFileReference; explicitFileType = wrapper.cfbundle; includeInIndex = 0; path = ToDoListTests.xctest; sourceTree = BUILT_PRODUCTS_DIR; };
		94027F4D2BA60AF900C4F3EF /* ToDoListTests.swift */ = {isa = PBXFileReference; lastKnownFileType = sourcecode.swift; path = ToDoListTests.swift; sourceTree = "<group>"; };
		94027F532BA60AF900C4F3EF /* ToDoListUITests.xctest */ = {isa = PBXFileReference; explicitFileType = wrapper.cfbundle; includeInIndex = 0; path = ToDoListUITests.xctest; sourceTree = BUILT_PRODUCTS_DIR; };
		94027F572BA60AF900C4F3EF /* ToDoListUITests.swift */ = {isa = PBXFileReference; lastKnownFileType = sourcecode.swift; path = ToDoListUITests.swift; sourceTree = "<group>"; };
		94027F592BA60AF900C4F3EF /* ToDoListUITestsLaunchTests.swift */ = {isa = PBXFileReference; lastKnownFileType = sourcecode.swift; path = ToDoListUITestsLaunchTests.swift; sourceTree = "<group>"; };
		94027F662BA60F0300C4F3EF /* GoogleService-Info.plist */ = {isa = PBXFileReference; fileEncoding = 4; lastKnownFileType = text.plist.xml; path = "GoogleService-Info.plist"; sourceTree = "<group>"; };
		94027F742BAE180F00C4F3EF /* ProfileView.swift */ = {isa = PBXFileReference; lastKnownFileType = sourcecode.swift; path = ProfileView.swift; sourceTree = "<group>"; };
		94027F762BAE182900C4F3EF /* ToDoListView.swift */ = {isa = PBXFileReference; lastKnownFileType = sourcecode.swift; path = ToDoListView.swift; sourceTree = "<group>"; };
		94027F782BAE183E00C4F3EF /* NewItemView.swift */ = {isa = PBXFileReference; lastKnownFileType = sourcecode.swift; path = NewItemView.swift; sourceTree = "<group>"; };
		94027F7A2BAE186700C4F3EF /* LoginView.swift */ = {isa = PBXFileReference; lastKnownFileType = sourcecode.swift; path = LoginView.swift; sourceTree = "<group>"; };
		94027F7C2BAE187C00C4F3EF /* RegisterView.swift */ = {isa = PBXFileReference; lastKnownFileType = sourcecode.swift; path = RegisterView.swift; sourceTree = "<group>"; };
		94027F7E2BAE18E500C4F3EF /* ToDoListItemView.swift */ = {isa = PBXFileReference; lastKnownFileType = sourcecode.swift; path = ToDoListItemView.swift; sourceTree = "<group>"; };
		94027F802BAE196B00C4F3EF /* User.swift */ = {isa = PBXFileReference; lastKnownFileType = sourcecode.swift; path = User.swift; sourceTree = "<group>"; };
		94027F822BAE197900C4F3EF /* ToDoListItem.swift */ = {isa = PBXFileReference; lastKnownFileType = sourcecode.swift; path = ToDoListItem.swift; sourceTree = "<group>"; };
		94027F842BAE1AA500C4F3EF /* MainViewModel.swift */ = {isa = PBXFileReference; lastKnownFileType = sourcecode.swift; path = MainViewModel.swift; sourceTree = "<group>"; };
		94027F862BAE1ABE00C4F3EF /* ProfileViewModel.swift */ = {isa = PBXFileReference; lastKnownFileType = sourcecode.swift; path = ProfileViewModel.swift; sourceTree = "<group>"; };
		94027F882BAE1ACF00C4F3EF /* ToDoListViewModel.swift */ = {isa = PBXFileReference; lastKnownFileType = sourcecode.swift; path = ToDoListViewModel.swift; sourceTree = "<group>"; };
		94027F8A2BAE1AE700C4F3EF /* NewItemViewModel.swift */ = {isa = PBXFileReference; lastKnownFileType = sourcecode.swift; path = NewItemViewModel.swift; sourceTree = "<group>"; };
		94027F8C2BAE1AF300C4F3EF /* LoginViewModel.swift */ = {isa = PBXFileReference; lastKnownFileType = sourcecode.swift; path = LoginViewModel.swift; sourceTree = "<group>"; };
		94027F8E2BAE1B0600C4F3EF /* RegisterViewModel.swift */ = {isa = PBXFileReference; lastKnownFileType = sourcecode.swift; path = RegisterViewModel.swift; sourceTree = "<group>"; };
		94027F902BAE1B1900C4F3EF /* ToDoListItemViewModel.swift */ = {isa = PBXFileReference; lastKnownFileType = sourcecode.swift; path = ToDoListItemViewModel.swift; sourceTree = "<group>"; };
		94027F922BAE27F800C4F3EF /* HeaderView.swift */ = {isa = PBXFileReference; lastKnownFileType = sourcecode.swift; path = HeaderView.swift; sourceTree = "<group>"; };
		94027F942BAF756000C4F3EF /* LoginBodyView.swift */ = {isa = PBXFileReference; lastKnownFileType = sourcecode.swift; path = LoginBodyView.swift; sourceTree = "<group>"; };
		94027F962BAF762200C4F3EF /* NewHereView.swift */ = {isa = PBXFileReference; lastKnownFileType = sourcecode.swift; path = NewHereView.swift; sourceTree = "<group>"; };
/* End PBXFileReference section */

/* Begin PBXFrameworksBuildPhase section */
		94027F352BA60AF800C4F3EF /* Frameworks */ = {
			isa = PBXFrameworksBuildPhase;
			buildActionMask = 2147483647;
			files = (
				94027F6B2BAE04C700C4F3EF /* FirebaseFirestore in Frameworks */,
				94027F6F2BAE04DE00C4F3EF /* FirebaseAuth in Frameworks */,
				94027F6D2BAE04D900C4F3EF /* FirebaseFirestoreSwift in Frameworks */,
			);
			runOnlyForDeploymentPostprocessing = 0;
		};
		94027F462BA60AF900C4F3EF /* Frameworks */ = {
			isa = PBXFrameworksBuildPhase;
			buildActionMask = 2147483647;
			files = (
			);
			runOnlyForDeploymentPostprocessing = 0;
		};
		94027F502BA60AF900C4F3EF /* Frameworks */ = {
			isa = PBXFrameworksBuildPhase;
			buildActionMask = 2147483647;
			files = (
			);
			runOnlyForDeploymentPostprocessing = 0;
		};
/* End PBXFrameworksBuildPhase section */

/* Begin PBXGroup section */
		94027F2F2BA60AF800C4F3EF = {
			isa = PBXGroup;
			children = (
				94027F3A2BA60AF800C4F3EF /* ToDoList */,
				94027F4C2BA60AF900C4F3EF /* ToDoListTests */,
				94027F562BA60AF900C4F3EF /* ToDoListUITests */,
				94027F392BA60AF800C4F3EF /* Products */,
				94027F692BAE04C700C4F3EF /* Frameworks */,
			);
			sourceTree = "<group>";
		};
		94027F392BA60AF800C4F3EF /* Products */ = {
			isa = PBXGroup;
			children = (
				94027F382BA60AF800C4F3EF /* ToDoList.app */,
				94027F492BA60AF900C4F3EF /* ToDoListTests.xctest */,
				94027F532BA60AF900C4F3EF /* ToDoListUITests.xctest */,
			);
			name = Products;
			sourceTree = "<group>";
		};
		94027F3A2BA60AF800C4F3EF /* ToDoList */ = {
			isa = PBXGroup;
			children = (
				94027F732BAE14E300C4F3EF /* Other */,
				94027F722BAE139D00C4F3EF /* Models */,
				94027F712BAE138C00C4F3EF /* ViewsModels */,
				94027F702BAE137800C4F3EF /* Views */,
				94027F412BA60AF900C4F3EF /* ToDoList.entitlements */,
				94027F422BA60AF900C4F3EF /* Preview Content */,
			);
			path = ToDoList;
			sourceTree = "<group>";
		};
		94027F422BA60AF900C4F3EF /* Preview Content */ = {
			isa = PBXGroup;
			children = (
				94027F432BA60AF900C4F3EF /* Preview Assets.xcassets */,
			);
			path = "Preview Content";
			sourceTree = "<group>";
		};
		94027F4C2BA60AF900C4F3EF /* ToDoListTests */ = {
			isa = PBXGroup;
			children = (
				94027F4D2BA60AF900C4F3EF /* ToDoListTests.swift */,
			);
			path = ToDoListTests;
			sourceTree = "<group>";
		};
		94027F562BA60AF900C4F3EF /* ToDoListUITests */ = {
			isa = PBXGroup;
			children = (
				94027F572BA60AF900C4F3EF /* ToDoListUITests.swift */,
				94027F592BA60AF900C4F3EF /* ToDoListUITestsLaunchTests.swift */,
			);
			path = ToDoListUITests;
			sourceTree = "<group>";
		};
		94027F692BAE04C700C4F3EF /* Frameworks */ = {
			isa = PBXGroup;
			children = (
			);
			name = Frameworks;
			sourceTree = "<group>";
		};
		94027F702BAE137800C4F3EF /* Views */ = {
			isa = PBXGroup;
			children = (
				94027F3D2BA60AF800C4F3EF /* MainView.swift */,
				94027F742BAE180F00C4F3EF /* ProfileView.swift */,
				94027F762BAE182900C4F3EF /* ToDoListView.swift */,
				94027F782BAE183E00C4F3EF /* NewItemView.swift */,
				94027F7A2BAE186700C4F3EF /* LoginView.swift */,
				94027F7C2BAE187C00C4F3EF /* RegisterView.swift */,
				94027F7E2BAE18E500C4F3EF /* ToDoListItemView.swift */,
				94027F922BAE27F800C4F3EF /* HeaderView.swift */,
				94027F942BAF756000C4F3EF /* LoginBodyView.swift */,
				94027F962BAF762200C4F3EF /* NewHereView.swift */,
			);
			path = Views;
			sourceTree = "<group>";
		};
		94027F712BAE138C00C4F3EF /* ViewsModels */ = {
			isa = PBXGroup;
			children = (
				94027F842BAE1AA500C4F3EF /* MainViewModel.swift */,
				94027F862BAE1ABE00C4F3EF /* ProfileViewModel.swift */,
				94027F882BAE1ACF00C4F3EF /* ToDoListViewModel.swift */,
				94027F8A2BAE1AE700C4F3EF /* NewItemViewModel.swift */,
				94027F8C2BAE1AF300C4F3EF /* LoginViewModel.swift */,
				94027F8E2BAE1B0600C4F3EF /* RegisterViewModel.swift */,
				94027F902BAE1B1900C4F3EF /* ToDoListItemViewModel.swift */,
			);
			path = ViewsModels;
			sourceTree = "<group>";
		};
		94027F722BAE139D00C4F3EF /* Models */ = {
			isa = PBXGroup;
			children = (
				94027F802BAE196B00C4F3EF /* User.swift */,
				94027F822BAE197900C4F3EF /* ToDoListItem.swift */,
			);
			path = Models;
			sourceTree = "<group>";
		};
		94027F732BAE14E300C4F3EF /* Other */ = {
			isa = PBXGroup;
			children = (
				94027F662BA60F0300C4F3EF /* GoogleService-Info.plist */,
				94027F3F2BA60AF800C4F3EF /* Assets.xcassets */,
				94027F3B2BA60AF800C4F3EF /* ToDoListApp.swift */,
			);
			path = Other;
			sourceTree = "<group>";
		};
/* End PBXGroup section */

/* Begin PBXNativeTarget section */
		94027F372BA60AF800C4F3EF /* ToDoList */ = {
			isa = PBXNativeTarget;
			buildConfigurationList = 94027F5D2BA60AF900C4F3EF /* Build configuration list for PBXNativeTarget "ToDoList" */;
			buildPhases = (
				94027F342BA60AF800C4F3EF /* Sources */,
				94027F352BA60AF800C4F3EF /* Frameworks */,
				94027F362BA60AF800C4F3EF /* Resources */,
			);
			buildRules = (
			);
			dependencies = (
			);
			name = ToDoList;
			packageProductDependencies = (
				94027F6A2BAE04C700C4F3EF /* FirebaseFirestore */,
				94027F6C2BAE04D900C4F3EF /* FirebaseFirestoreSwift */,
				94027F6E2BAE04DE00C4F3EF /* FirebaseAuth */,
			);
			productName = ToDoList;
			productReference = 94027F382BA60AF800C4F3EF /* ToDoList.app */;
			productType = "com.apple.product-type.application";
		};
		94027F482BA60AF900C4F3EF /* ToDoListTests */ = {
			isa = PBXNativeTarget;
			buildConfigurationList = 94027F602BA60AF900C4F3EF /* Build configuration list for PBXNativeTarget "ToDoListTests" */;
			buildPhases = (
				94027F452BA60AF900C4F3EF /* Sources */,
				94027F462BA60AF900C4F3EF /* Frameworks */,
				94027F472BA60AF900C4F3EF /* Resources */,
			);
			buildRules = (
			);
			dependencies = (
				94027F4B2BA60AF900C4F3EF /* PBXTargetDependency */,
			);
			name = ToDoListTests;
			productName = ToDoListTests;
			productReference = 94027F492BA60AF900C4F3EF /* ToDoListTests.xctest */;
			productType = "com.apple.product-type.bundle.unit-test";
		};
		94027F522BA60AF900C4F3EF /* ToDoListUITests */ = {
			isa = PBXNativeTarget;
			buildConfigurationList = 94027F632BA60AF900C4F3EF /* Build configuration list for PBXNativeTarget "ToDoListUITests" */;
			buildPhases = (
				94027F4F2BA60AF900C4F3EF /* Sources */,
				94027F502BA60AF900C4F3EF /* Frameworks */,
				94027F512BA60AF900C4F3EF /* Resources */,
			);
			buildRules = (
			);
			dependencies = (
				94027F552BA60AF900C4F3EF /* PBXTargetDependency */,
			);
			name = ToDoListUITests;
			productName = ToDoListUITests;
			productReference = 94027F532BA60AF900C4F3EF /* ToDoListUITests.xctest */;
			productType = "com.apple.product-type.bundle.ui-testing";
		};
/* End PBXNativeTarget section */

/* Begin PBXProject section */
		94027F302BA60AF800C4F3EF /* Project object */ = {
			isa = PBXProject;
			attributes = {
				BuildIndependentTargetsInParallel = 1;
				LastSwiftUpdateCheck = 1430;
				LastUpgradeCheck = 1430;
				TargetAttributes = {
					94027F372BA60AF800C4F3EF = {
						CreatedOnToolsVersion = 14.3.1;
					};
					94027F482BA60AF900C4F3EF = {
						CreatedOnToolsVersion = 14.3.1;
						TestTargetID = 94027F372BA60AF800C4F3EF;
					};
					94027F522BA60AF900C4F3EF = {
						CreatedOnToolsVersion = 14.3.1;
						TestTargetID = 94027F372BA60AF800C4F3EF;
					};
				};
			};
			buildConfigurationList = 94027F332BA60AF800C4F3EF /* Build configuration list for PBXProject "ToDoList" */;
			compatibilityVersion = "Xcode 14.0";
			developmentRegion = en;
			hasScannedForEncodings = 0;
			knownRegions = (
				en,
				Base,
			);
			mainGroup = 94027F2F2BA60AF800C4F3EF;
			packageReferences = (
				94027F682BA6122000C4F3EF /* XCRemoteSwiftPackageReference "firebase-ios-sdk" */,
			);
			productRefGroup = 94027F392BA60AF800C4F3EF /* Products */;
			projectDirPath = "";
			projectRoot = "";
			targets = (
				94027F372BA60AF800C4F3EF /* ToDoList */,
				94027F482BA60AF900C4F3EF /* ToDoListTests */,
				94027F522BA60AF900C4F3EF /* ToDoListUITests */,
			);
		};
/* End PBXProject section */

/* Begin PBXResourcesBuildPhase section */
		94027F362BA60AF800C4F3EF /* Resources */ = {
			isa = PBXResourcesBuildPhase;
			buildActionMask = 2147483647;
			files = (
				94027F442BA60AF900C4F3EF /* Preview Assets.xcassets in Resources */,
				94027F402BA60AF800C4F3EF /* Assets.xcassets in Resources */,
				94027F672BA60F0300C4F3EF /* GoogleService-Info.plist in Resources */,
			);
			runOnlyForDeploymentPostprocessing = 0;
		};
		94027F472BA60AF900C4F3EF /* Resources */ = {
			isa = PBXResourcesBuildPhase;
			buildActionMask = 2147483647;
			files = (
			);
			runOnlyForDeploymentPostprocessing = 0;
		};
		94027F512BA60AF900C4F3EF /* Resources */ = {
			isa = PBXResourcesBuildPhase;
			buildActionMask = 2147483647;
			files = (
			);
			runOnlyForDeploymentPostprocessing = 0;
		};
/* End PBXResourcesBuildPhase section */

/* Begin PBXSourcesBuildPhase section */
		94027F342BA60AF800C4F3EF /* Sources */ = {
			isa = PBXSourcesBuildPhase;
			buildActionMask = 2147483647;
			files = (
				94027F7B2BAE186700C4F3EF /* LoginView.swift in Sources */,
				94027F932BAE27F800C4F3EF /* HeaderView.swift in Sources */,
				94027F952BAF756000C4F3EF /* LoginBodyView.swift in Sources */,
				94027F3E2BA60AF800C4F3EF /* MainView.swift in Sources */,
				94027F8F2BAE1B0600C4F3EF /* RegisterViewModel.swift in Sources */,
				94027F852BAE1AA500C4F3EF /* MainViewModel.swift in Sources */,
				94027F752BAE180F00C4F3EF /* ProfileView.swift in Sources */,
				94027F7D2BAE187C00C4F3EF /* RegisterView.swift in Sources */,
				94027F872BAE1ABE00C4F3EF /* ProfileViewModel.swift in Sources */,
				94027F972BAF762200C4F3EF /* NewHereView.swift in Sources */,
				94027F3C2BA60AF800C4F3EF /* ToDoListApp.swift in Sources */,
				94027F812BAE196B00C4F3EF /* User.swift in Sources */,
				94027F7F2BAE18E500C4F3EF /* ToDoListItemView.swift in Sources */,
				94027F892BAE1ACF00C4F3EF /* ToDoListViewModel.swift in Sources */,
				94027F8D2BAE1AF300C4F3EF /* LoginViewModel.swift in Sources */,
				94027F772BAE182900C4F3EF /* ToDoListView.swift in Sources */,
				94027F832BAE197900C4F3EF /* ToDoListItem.swift in Sources */,
				94027F792BAE183E00C4F3EF /* NewItemView.swift in Sources */,
				94027F8B2BAE1AE700C4F3EF /* NewItemViewModel.swift in Sources */,
				94027F912BAE1B1900C4F3EF /* ToDoListItemViewModel.swift in Sources */,
			);
			runOnlyForDeploymentPostprocessing = 0;
		};
		94027F452BA60AF900C4F3EF /* Sources */ = {
			isa = PBXSourcesBuildPhase;
			buildActionMask = 2147483647;
			files = (
				94027F4E2BA60AF900C4F3EF /* ToDoListTests.swift in Sources */,
			);
			runOnlyForDeploymentPostprocessing = 0;
		};
		94027F4F2BA60AF900C4F3EF /* Sources */ = {
			isa = PBXSourcesBuildPhase;
			buildActionMask = 2147483647;
			files = (
				94027F5A2BA60AF900C4F3EF /* ToDoListUITestsLaunchTests.swift in Sources */,
				94027F582BA60AF900C4F3EF /* ToDoListUITests.swift in Sources */,
			);
			runOnlyForDeploymentPostprocessing = 0;
		};
/* End PBXSourcesBuildPhase section */

/* Begin PBXTargetDependency section */
		94027F4B2BA60AF900C4F3EF /* PBXTargetDependency */ = {
			isa = PBXTargetDependency;
			target = 94027F372BA60AF800C4F3EF /* ToDoList */;
			targetProxy = 94027F4A2BA60AF900C4F3EF /* PBXContainerItemProxy */;
		};
		94027F552BA60AF900C4F3EF /* PBXTargetDependency */ = {
			isa = PBXTargetDependency;
			target = 94027F372BA60AF800C4F3EF /* ToDoList */;
			targetProxy = 94027F542BA60AF900C4F3EF /* PBXContainerItemProxy */;
		};
/* End PBXTargetDependency section */

/* Begin XCBuildConfiguration section */
		94027F5B2BA60AF900C4F3EF /* Debug */ = {
			isa = XCBuildConfiguration;
			buildSettings = {
				ALWAYS_SEARCH_USER_PATHS = NO;
				CLANG_ANALYZER_NONNULL = YES;
				CLANG_ANALYZER_NUMBER_OBJECT_CONVERSION = YES_AGGRESSIVE;
				CLANG_CXX_LANGUAGE_STANDARD = "gnu++20";
				CLANG_ENABLE_MODULES = YES;
				CLANG_ENABLE_OBJC_ARC = YES;
				CLANG_ENABLE_OBJC_WEAK = YES;
				CLANG_WARN_BLOCK_CAPTURE_AUTORELEASING = YES;
				CLANG_WARN_BOOL_CONVERSION = YES;
				CLANG_WARN_COMMA = YES;
				CLANG_WARN_CONSTANT_CONVERSION = YES;
				CLANG_WARN_DEPRECATED_OBJC_IMPLEMENTATIONS = YES;
				CLANG_WARN_DIRECT_OBJC_ISA_USAGE = YES_ERROR;
				CLANG_WARN_DOCUMENTATION_COMMENTS = YES;
				CLANG_WARN_EMPTY_BODY = YES;
				CLANG_WARN_ENUM_CONVERSION = YES;
				CLANG_WARN_INFINITE_RECURSION = YES;
				CLANG_WARN_INT_CONVERSION = YES;
				CLANG_WARN_NON_LITERAL_NULL_CONVERSION = YES;
				CLANG_WARN_OBJC_IMPLICIT_RETAIN_SELF = YES;
				CLANG_WARN_OBJC_LITERAL_CONVERSION = YES;
				CLANG_WARN_OBJC_ROOT_CLASS = YES_ERROR;
				CLANG_WARN_QUOTED_INCLUDE_IN_FRAMEWORK_HEADER = YES;
				CLANG_WARN_RANGE_LOOP_ANALYSIS = YES;
				CLANG_WARN_STRICT_PROTOTYPES = YES;
				CLANG_WARN_SUSPICIOUS_MOVE = YES;
				CLANG_WARN_UNGUARDED_AVAILABILITY = YES_AGGRESSIVE;
				CLANG_WARN_UNREACHABLE_CODE = YES;
				CLANG_WARN__DUPLICATE_METHOD_MATCH = YES;
				COPY_PHASE_STRIP = NO;
				DEBUG_INFORMATION_FORMAT = dwarf;
				ENABLE_STRICT_OBJC_MSGSEND = YES;
				ENABLE_TESTABILITY = YES;
				GCC_C_LANGUAGE_STANDARD = gnu11;
				GCC_DYNAMIC_NO_PIC = NO;
				GCC_NO_COMMON_BLOCKS = YES;
				GCC_OPTIMIZATION_LEVEL = 0;
				GCC_PREPROCESSOR_DEFINITIONS = (
					"DEBUG=1",
					"$(inherited)",
				);
				GCC_WARN_64_TO_32_BIT_CONVERSION = YES;
				GCC_WARN_ABOUT_RETURN_TYPE = YES_ERROR;
				GCC_WARN_UNDECLARED_SELECTOR = YES;
				GCC_WARN_UNINITIALIZED_AUTOS = YES_AGGRESSIVE;
				GCC_WARN_UNUSED_FUNCTION = YES;
				GCC_WARN_UNUSED_VARIABLE = YES;
				MTL_ENABLE_DEBUG_INFO = INCLUDE_SOURCE;
				MTL_FAST_MATH = YES;
				ONLY_ACTIVE_ARCH = YES;
				SWIFT_ACTIVE_COMPILATION_CONDITIONS = DEBUG;
				SWIFT_OPTIMIZATION_LEVEL = "-Onone";
			};
			name = Debug;
		};
		94027F5C2BA60AF900C4F3EF /* Release */ = {
			isa = XCBuildConfiguration;
			buildSettings = {
				ALWAYS_SEARCH_USER_PATHS = NO;
				CLANG_ANALYZER_NONNULL = YES;
				CLANG_ANALYZER_NUMBER_OBJECT_CONVERSION = YES_AGGRESSIVE;
				CLANG_CXX_LANGUAGE_STANDARD = "gnu++20";
				CLANG_ENABLE_MODULES = YES;
				CLANG_ENABLE_OBJC_ARC = YES;
				CLANG_ENABLE_OBJC_WEAK = YES;
				CLANG_WARN_BLOCK_CAPTURE_AUTORELEASING = YES;
				CLANG_WARN_BOOL_CONVERSION = YES;
				CLANG_WARN_COMMA = YES;
				CLANG_WARN_CONSTANT_CONVERSION = YES;
				CLANG_WARN_DEPRECATED_OBJC_IMPLEMENTATIONS = YES;
				CLANG_WARN_DIRECT_OBJC_ISA_USAGE = YES_ERROR;
				CLANG_WARN_DOCUMENTATION_COMMENTS = YES;
				CLANG_WARN_EMPTY_BODY = YES;
				CLANG_WARN_ENUM_CONVERSION = YES;
				CLANG_WARN_INFINITE_RECURSION = YES;
				CLANG_WARN_INT_CONVERSION = YES;
				CLANG_WARN_NON_LITERAL_NULL_CONVERSION = YES;
				CLANG_WARN_OBJC_IMPLICIT_RETAIN_SELF = YES;
				CLANG_WARN_OBJC_LITERAL_CONVERSION = YES;
				CLANG_WARN_OBJC_ROOT_CLASS = YES_ERROR;
				CLANG_WARN_QUOTED_INCLUDE_IN_FRAMEWORK_HEADER = YES;
				CLANG_WARN_RANGE_LOOP_ANALYSIS = YES;
				CLANG_WARN_STRICT_PROTOTYPES = YES;
				CLANG_WARN_SUSPICIOUS_MOVE = YES;
				CLANG_WARN_UNGUARDED_AVAILABILITY = YES_AGGRESSIVE;
				CLANG_WARN_UNREACHABLE_CODE = YES;
				CLANG_WARN__DUPLICATE_METHOD_MATCH = YES;
				COPY_PHASE_STRIP = NO;
				DEBUG_INFORMATION_FORMAT = "dwarf-with-dsym";
				ENABLE_NS_ASSERTIONS = NO;
				ENABLE_STRICT_OBJC_MSGSEND = YES;
				GCC_C_LANGUAGE_STANDARD = gnu11;
				GCC_NO_COMMON_BLOCKS = YES;
				GCC_WARN_64_TO_32_BIT_CONVERSION = YES;
				GCC_WARN_ABOUT_RETURN_TYPE = YES_ERROR;
				GCC_WARN_UNDECLARED_SELECTOR = YES;
				GCC_WARN_UNINITIALIZED_AUTOS = YES_AGGRESSIVE;
				GCC_WARN_UNUSED_FUNCTION = YES;
				GCC_WARN_UNUSED_VARIABLE = YES;
				MTL_ENABLE_DEBUG_INFO = NO;
				MTL_FAST_MATH = YES;
				SWIFT_COMPILATION_MODE = wholemodule;
				SWIFT_OPTIMIZATION_LEVEL = "-O";
			};
			name = Release;
		};
		94027F5E2BA60AF900C4F3EF /* Debug */ = {
			isa = XCBuildConfiguration;
			buildSettings = {
				ASSETCATALOG_COMPILER_APPICON_NAME = AppIcon;
				ASSETCATALOG_COMPILER_GLOBAL_ACCENT_COLOR_NAME = AccentColor;
				CODE_SIGN_ENTITLEMENTS = ToDoList/ToDoList.entitlements;
				CODE_SIGN_STYLE = Automatic;
				CURRENT_PROJECT_VERSION = 1;
				DEVELOPMENT_ASSET_PATHS = "\"ToDoList/Preview Content\"";
				DEVELOPMENT_TEAM = X48QRHQ48W;
				ENABLE_HARDENED_RUNTIME = YES;
				ENABLE_PREVIEWS = YES;
				GENERATE_INFOPLIST_FILE = YES;
				INFOPLIST_KEY_CFBundleDisplayName = TaskFlow;
				"INFOPLIST_KEY_UIApplicationSceneManifest_Generation[sdk=iphoneos*]" = YES;
				"INFOPLIST_KEY_UIApplicationSceneManifest_Generation[sdk=iphonesimulator*]" = YES;
				"INFOPLIST_KEY_UIApplicationSupportsIndirectInputEvents[sdk=iphoneos*]" = YES;
				"INFOPLIST_KEY_UIApplicationSupportsIndirectInputEvents[sdk=iphonesimulator*]" = YES;
				"INFOPLIST_KEY_UILaunchScreen_Generation[sdk=iphoneos*]" = YES;
				"INFOPLIST_KEY_UILaunchScreen_Generation[sdk=iphonesimulator*]" = YES;
				"INFOPLIST_KEY_UIStatusBarStyle[sdk=iphoneos*]" = UIStatusBarStyleDefault;
				"INFOPLIST_KEY_UIStatusBarStyle[sdk=iphonesimulator*]" = UIStatusBarStyleDefault;
				INFOPLIST_KEY_UISupportedInterfaceOrientations = UIInterfaceOrientationPortrait;
				IPHONEOS_DEPLOYMENT_TARGET = 16.4;
				LD_RUNPATH_SEARCH_PATHS = "@executable_path/Frameworks";
				"LD_RUNPATH_SEARCH_PATHS[sdk=macosx*]" = "@executable_path/../Frameworks";
				MACOSX_DEPLOYMENT_TARGET = 13.0;
				MARKETING_VERSION = 1.0;
				PRODUCT_BUNDLE_IDENTIFIER = EDOS.ToDoList;
				PRODUCT_NAME = "$(TARGET_NAME)";
				SDKROOT = auto;
				SUPPORTED_PLATFORMS = "iphoneos iphonesimulator macosx";
				SWIFT_EMIT_LOC_STRINGS = YES;
				SWIFT_VERSION = 5.0;
				TARGETED_DEVICE_FAMILY = "1,2";
			};
			name = Debug;
		};
		94027F5F2BA60AF900C4F3EF /* Release */ = {
			isa = XCBuildConfiguration;
			buildSettings = {
				ASSETCATALOG_COMPILER_APPICON_NAME = AppIcon;
				ASSETCATALOG_COMPILER_GLOBAL_ACCENT_COLOR_NAME = AccentColor;
				CODE_SIGN_ENTITLEMENTS = ToDoList/ToDoList.entitlements;
				CODE_SIGN_STYLE = Automatic;
				CURRENT_PROJECT_VERSION = 1;
				DEVELOPMENT_ASSET_PATHS = "\"ToDoList/Preview Content\"";
				DEVELOPMENT_TEAM = X48QRHQ48W;
				ENABLE_HARDENED_RUNTIME = YES;
				ENABLE_PREVIEWS = YES;
				GENERATE_INFOPLIST_FILE = YES;
				INFOPLIST_KEY_CFBundleDisplayName = TaskFlow;
				"INFOPLIST_KEY_UIApplicationSceneManifest_Generation[sdk=iphoneos*]" = YES;
				"INFOPLIST_KEY_UIApplicationSceneManifest_Generation[sdk=iphonesimulator*]" = YES;
				"INFOPLIST_KEY_UIApplicationSupportsIndirectInputEvents[sdk=iphoneos*]" = YES;
				"INFOPLIST_KEY_UIApplicationSupportsIndirectInputEvents[sdk=iphonesimulator*]" = YES;
				"INFOPLIST_KEY_UILaunchScreen_Generation[sdk=iphoneos*]" = YES;
				"INFOPLIST_KEY_UILaunchScreen_Generation[sdk=iphonesimulator*]" = YES;
				"INFOPLIST_KEY_UIStatusBarStyle[sdk=iphoneos*]" = UIStatusBarStyleDefault;
				"INFOPLIST_KEY_UIStatusBarStyle[sdk=iphonesimulator*]" = UIStatusBarStyleDefault;
				INFOPLIST_KEY_UISupportedInterfaceOrientations = UIInterfaceOrientationPortrait;
				IPHONEOS_DEPLOYMENT_TARGET = 16.4;
				LD_RUNPATH_SEARCH_PATHS = "@executable_path/Frameworks";
				"LD_RUNPATH_SEARCH_PATHS[sdk=macosx*]" = "@executable_path/../Frameworks";
				MACOSX_DEPLOYMENT_TARGET = 13.0;
				MARKETING_VERSION = 1.0;
				PRODUCT_BUNDLE_IDENTIFIER = EDOS.ToDoList;
				PRODUCT_NAME = "$(TARGET_NAME)";
				SDKROOT = auto;
				SUPPORTED_PLATFORMS = "iphoneos iphonesimulator macosx";
				SWIFT_EMIT_LOC_STRINGS = YES;
				SWIFT_VERSION = 5.0;
				TARGETED_DEVICE_FAMILY = "1,2";
			};
			name = Release;
		};
		94027F612BA60AF900C4F3EF /* Debug */ = {
			isa = XCBuildConfiguration;
			buildSettings = {
				ALWAYS_EMBED_SWIFT_STANDARD_LIBRARIES = YES;
				BUNDLE_LOADER = "$(TEST_HOST)";
				CODE_SIGN_STYLE = Automatic;
				CURRENT_PROJECT_VERSION = 1;
				DEVELOPMENT_TEAM = X48QRHQ48W;
				GENERATE_INFOPLIST_FILE = YES;
				IPHONEOS_DEPLOYMENT_TARGET = 16.4;
				MACOSX_DEPLOYMENT_TARGET = 13.0;
				MARKETING_VERSION = 1.0;
				PRODUCT_BUNDLE_IDENTIFIER = EDOS.ToDoListTests;
				PRODUCT_NAME = "$(TARGET_NAME)";
				SDKROOT = auto;
				SUPPORTED_PLATFORMS = "iphoneos iphonesimulator macosx";
				SWIFT_EMIT_LOC_STRINGS = NO;
				SWIFT_VERSION = 5.0;
				TARGETED_DEVICE_FAMILY = "1,2";
				TEST_HOST = "$(BUILT_PRODUCTS_DIR)/ToDoList.app/$(BUNDLE_EXECUTABLE_FOLDER_PATH)/ToDoList";
			};
			name = Debug;
		};
		94027F622BA60AF900C4F3EF /* Release */ = {
			isa = XCBuildConfiguration;
			buildSettings = {
				ALWAYS_EMBED_SWIFT_STANDARD_LIBRARIES = YES;
				BUNDLE_LOADER = "$(TEST_HOST)";
				CODE_SIGN_STYLE = Automatic;
				CURRENT_PROJECT_VERSION = 1;
				DEVELOPMENT_TEAM = X48QRHQ48W;
				GENERATE_INFOPLIST_FILE = YES;
				IPHONEOS_DEPLOYMENT_TARGET = 16.4;
				MACOSX_DEPLOYMENT_TARGET = 13.0;
				MARKETING_VERSION = 1.0;
				PRODUCT_BUNDLE_IDENTIFIER = EDOS.ToDoListTests;
				PRODUCT_NAME = "$(TARGET_NAME)";
				SDKROOT = auto;
				SUPPORTED_PLATFORMS = "iphoneos iphonesimulator macosx";
				SWIFT_EMIT_LOC_STRINGS = NO;
				SWIFT_VERSION = 5.0;
				TARGETED_DEVICE_FAMILY = "1,2";
				TEST_HOST = "$(BUILT_PRODUCTS_DIR)/ToDoList.app/$(BUNDLE_EXECUTABLE_FOLDER_PATH)/ToDoList";
			};
			name = Release;
		};
		94027F642BA60AF900C4F3EF /* Debug */ = {
			isa = XCBuildConfiguration;
			buildSettings = {
				ALWAYS_EMBED_SWIFT_STANDARD_LIBRARIES = YES;
				CODE_SIGN_STYLE = Automatic;
				CURRENT_PROJECT_VERSION = 1;
				DEVELOPMENT_TEAM = X48QRHQ48W;
				GENERATE_INFOPLIST_FILE = YES;
				IPHONEOS_DEPLOYMENT_TARGET = 16.4;
				MACOSX_DEPLOYMENT_TARGET = 13.0;
				MARKETING_VERSION = 1.0;
				PRODUCT_BUNDLE_IDENTIFIER = EDOS.ToDoListUITests;
				PRODUCT_NAME = "$(TARGET_NAME)";
				SDKROOT = auto;
				SUPPORTED_PLATFORMS = "iphoneos iphonesimulator macosx";
				SWIFT_EMIT_LOC_STRINGS = NO;
				SWIFT_VERSION = 5.0;
				TARGETED_DEVICE_FAMILY = "1,2";
				TEST_TARGET_NAME = ToDoList;
			};
			name = Debug;
		};
		94027F652BA60AF900C4F3EF /* Release */ = {
			isa = XCBuildConfiguration;
			buildSettings = {
				ALWAYS_EMBED_SWIFT_STANDARD_LIBRARIES = YES;
				CODE_SIGN_STYLE = Automatic;
				CURRENT_PROJECT_VERSION = 1;
				DEVELOPMENT_TEAM = X48QRHQ48W;
				GENERATE_INFOPLIST_FILE = YES;
				IPHONEOS_DEPLOYMENT_TARGET = 16.4;
				MACOSX_DEPLOYMENT_TARGET = 13.0;
				MARKETING_VERSION = 1.0;
				PRODUCT_BUNDLE_IDENTIFIER = EDOS.ToDoListUITests;
				PRODUCT_NAME = "$(TARGET_NAME)";
				SDKROOT = auto;
				SUPPORTED_PLATFORMS = "iphoneos iphonesimulator macosx";
				SWIFT_EMIT_LOC_STRINGS = NO;
				SWIFT_VERSION = 5.0;
				TARGETED_DEVICE_FAMILY = "1,2";
				TEST_TARGET_NAME = ToDoList;
			};
			name = Release;
		};
/* End XCBuildConfiguration section */

/* Begin XCConfigurationList section */
		94027F332BA60AF800C4F3EF /* Build configuration list for PBXProject "ToDoList" */ = {
			isa = XCConfigurationList;
			buildConfigurations = (
				94027F5B2BA60AF900C4F3EF /* Debug */,
				94027F5C2BA60AF900C4F3EF /* Release */,
			);
			defaultConfigurationIsVisible = 0;
			defaultConfigurationName = Release;
		};
		94027F5D2BA60AF900C4F3EF /* Build configuration list for PBXNativeTarget "ToDoList" */ = {
			isa = XCConfigurationList;
			buildConfigurations = (
				94027F5E2BA60AF900C4F3EF /* Debug */,
				94027F5F2BA60AF900C4F3EF /* Release */,
			);
			defaultConfigurationIsVisible = 0;
			defaultConfigurationName = Release;
		};
		94027F602BA60AF900C4F3EF /* Build configuration list for PBXNativeTarget "ToDoListTests" */ = {
			isa = XCConfigurationList;
			buildConfigurations = (
				94027F612BA60AF900C4F3EF /* Debug */,
				94027F622BA60AF900C4F3EF /* Release */,
			);
			defaultConfigurationIsVisible = 0;
			defaultConfigurationName = Release;
		};
		94027F632BA60AF900C4F3EF /* Build configuration list for PBXNativeTarget "ToDoListUITests" */ = {
			isa = XCConfigurationList;
			buildConfigurations = (
				94027F642BA60AF900C4F3EF /* Debug */,
				94027F652BA60AF900C4F3EF /* Release */,
			);
			defaultConfigurationIsVisible = 0;
			defaultConfigurationName = Release;
		};
/* End XCConfigurationList section */

/* Begin XCRemoteSwiftPackageReference section */
		94027F682BA6122000C4F3EF /* XCRemoteSwiftPackageReference "firebase-ios-sdk" */ = {
			isa = XCRemoteSwiftPackageReference;
			repositoryURL = "https://github.com/firebase/firebase-ios-sdk";
			requirement = {
				kind = upToNextMajorVersion;
				minimumVersion = 10.0.0;
			};
		};
/* End XCRemoteSwiftPackageReference section */

/* Begin XCSwiftPackageProductDependency section */
		94027F6A2BAE04C700C4F3EF /* FirebaseFirestore */ = {
			isa = XCSwiftPackageProductDependency;
			package = 94027F682BA6122000C4F3EF /* XCRemoteSwiftPackageReference "firebase-ios-sdk" */;
			productName = FirebaseFirestore;
		};
		94027F6C2BAE04D900C4F3EF /* FirebaseFirestoreSwift */ = {
			isa = XCSwiftPackageProductDependency;
			package = 94027F682BA6122000C4F3EF /* XCRemoteSwiftPackageReference "firebase-ios-sdk" */;
			productName = FirebaseFirestoreSwift;
		};
		94027F6E2BAE04DE00C4F3EF /* FirebaseAuth */ = {
			isa = XCSwiftPackageProductDependency;
			package = 94027F682BA6122000C4F3EF /* XCRemoteSwiftPackageReference "firebase-ios-sdk" */;
			productName = FirebaseAuth;
		};
/* End XCSwiftPackageProductDependency section */
	};
	rootObject = 94027F302BA60AF800C4F3EF /* Project object */;
}
